{
  "name": "myleetcode",
  "version": "1.0.0",
  "lockfileVersion": 1,
  "requires": true,
  "dependencies": {
    "@fimbul/bifrost": {
      "version": "0.17.0",
      "resolved": "https://registry.npm.taobao.org/@fimbul/bifrost/download/@fimbul/bifrost-0.17.0.tgz",
      "integrity": "sha1-8Dg7p+QJkuMZPch+Ld/eKtYqnPQ=",
      "dev": true,
      "requires": {
        "@fimbul/ymir": "^0.17.0",
        "get-caller-file": "^2.0.0",
        "tslib": "^1.8.1",
        "tsutils": "^3.5.0"
      },
      "dependencies": {
        "tsutils": {
          "version": "3.10.0",
          "resolved": "http://registry.npm.taobao.org/tsutils/download/tsutils-3.10.0.tgz",
          "integrity": "sha1-bxyVyUYG4JhZKw3/BlkM+WWSJ9Y=",
          "dev": true,
          "requires": {
            "tslib": "^1.8.1"
          }
        }
      }
    },
    "@fimbul/ymir": {
      "version": "0.17.0",
      "resolved": "https://registry.npm.taobao.org/@fimbul/ymir/download/@fimbul/ymir-0.17.0.tgz",
      "integrity": "sha1-Tyg4m5+ATRzSAuEZg68XQ0iLeBU=",
      "dev": true,
      "requires": {
        "inversify": "^5.0.0",
        "reflect-metadata": "^0.1.12",
        "tslib": "^1.8.1"
      }
    },
    "doctrine": {
      "version": "0.7.2",
      "resolved": "http://registry.npm.taobao.org/doctrine/download/doctrine-0.7.2.tgz",
      "integrity": "sha1-fLhgNZujvpDgQLJrcpzkv6ZUxSM=",
      "dev": true,
      "requires": {
        "esutils": "^1.1.6",
        "isarray": "0.0.1"
      }
    },
    "esutils": {
      "version": "1.1.6",
      "resolved": "http://registry.npm.taobao.org/esutils/download/esutils-1.1.6.tgz",
      "integrity": "sha1-wBzKqa5LiXxtDD4hCuUvPHqEQ3U=",
      "dev": true
    },
    "get-caller-file": {
      "version": "2.0.5",
      "resolved": "http://registry.npm.taobao.org/get-caller-file/download/get-caller-file-2.0.5.tgz",
      "integrity": "sha1-T5RBKoLbMvNuOwuXQfipf+sDH34=",
      "dev": true
    },
    "inversify": {
      "version": "5.0.1",
      "resolved": "https://registry.npm.taobao.org/inversify/download/inversify-5.0.1.tgz",
      "integrity": "sha1-UA1wmxQ0iWzloNWJFcSkIQ40+24=",
      "dev": true
    },
    "isarray": {
      "version": "0.0.1",
      "resolved": "http://registry.npm.taobao.org/isarray/download/isarray-0.0.1.tgz",
      "integrity": "sha1-ihis/Kmo9Bd+Cav8YDiTmwXR7t8=",
      "dev": true
    },
    "reflect-metadata": {
      "version": "0.1.13",
      "resolved": "https://registry.npm.taobao.org/reflect-metadata/download/reflect-metadata-0.1.13.tgz",
      "integrity": "sha1-Z648pXyXKiqhZCsQ/jY/4y1J3Ag=",
      "dev": true
    },
    "tslib": {
      "version": "1.9.3",
      "resolved": "http://registry.npm.taobao.org/tslib/download/tslib-1.9.3.tgz?cache=0&other_urls=http%3A%2F%2Fregistry.npm.taobao.org%2Ftslib%2Fdownload%2Ftslib-1.9.3.tgz",
      "integrity": "sha1-1+TdeSRdhUKMTX5IIqeZF5VMooY=",
      "dev": true
    },
    "tslint-config-airbnb": {
      "version": "5.11.1",
      "resolved": "https://registry.npm.taobao.org/tslint-config-airbnb/download/tslint-config-airbnb-5.11.1.tgz",
      "integrity": "sha1-UaJ/u4vyTBRNBkonSnHaR+fs5hc=",
      "dev": true,
      "requires": {
        "tslint-consistent-codestyle": "^1.14.1",
        "tslint-eslint-rules": "^5.4.0",
        "tslint-microsoft-contrib": "~5.2.1"
      }
    },
    "tslint-consistent-codestyle": {
      "version": "1.15.1",
      "resolved": "https://registry.npm.taobao.org/tslint-consistent-codestyle/download/tslint-consistent-codestyle-1.15.1.tgz",
      "integrity": "sha1-oMXNWlhg1AtlnEkNgBPFcy4Cr4w=",
      "dev": true,
      "requires": {
        "@fimbul/bifrost": "^0.17.0",
        "tslib": "^1.7.1",
        "tsutils": "^2.29.0"
      }
    },
    "tslint-eslint-rules": {
      "version": "5.4.0",
      "resolved": "http://registry.npm.taobao.org/tslint-eslint-rules/download/tslint-eslint-rules-5.4.0.tgz",
      "integrity": "sha1-5IjMkYG/GT/lzXv8ohOnaV8XN7U=",
      "dev": true,
      "requires": {
        "doctrine": "0.7.2",
        "tslib": "1.9.0",
        "tsutils": "^3.0.0"
      },
      "dependencies": {
        "tslib": {
          "version": "1.9.0",
          "resolved": "http://registry.npm.taobao.org/tslib/download/tslib-1.9.0.tgz?cache=0&other_urls=http%3A%2F%2Fregistry.npm.taobao.org%2Ftslib%2Fdownload%2Ftslib-1.9.0.tgz",
          "integrity": "sha1-43qG/ajLuvI6BX9HPJ9Nxk5fwug=",
          "dev": true
        },
        "tsutils": {
          "version": "3.10.0",
          "resolved": "http://registry.npm.taobao.org/tsutils/download/tsutils-3.10.0.tgz",
          "integrity": "sha1-bxyVyUYG4JhZKw3/BlkM+WWSJ9Y=",
          "dev": true,
          "requires": {
            "tslib": "^1.8.1"
          }
        }
      }
    },
    "tslint-microsoft-contrib": {
      "version": "5.2.1",
      "resolved": "https://registry.npm.taobao.org/tslint-microsoft-contrib/download/tslint-microsoft-contrib-5.2.1.tgz",
      "integrity": "sha1-pihoOfgA4lkdBB6igAx3SHhErYE=",
      "dev": true,
      "requires": {
        "tsutils": "^2.27.2 <2.29.0"
      },
      "dependencies": {
        "tsutils": {
          "version": "2.28.0",
          "resolved": "http://registry.npm.taobao.org/tsutils/download/tsutils-2.28.0.tgz",
          "integrity": "sha1-a9ceFggo+dAZtvToRHQiKPhRaaE=",
          "dev": true,
          "requires": {
            "tslib": "^1.8.1"
          }
        }
      }
    },
    "tsutils": {
      "version": "2.29.0",
      "resolved": "http://registry.npm.taobao.org/tsutils/download/tsutils-2.29.0.tgz",
      "integrity": "sha1-MrSIUBRnrL7dS4VJhnOggSrKC5k=",
      "dev": true,
      "requires": {
        "tslib": "^1.8.1"
      }
    }
  }
}
